
Microsoft Visual Studio Solution File, Format Version 12.00
# Visual Studio 2012
Project("{FAE04EC0-301F-11D3-BF4B-00C04F79EFBC}") = "Basics", "Basics\Basics.csproj", "{063FC3C4-3751-4FF4-BBF3-22AF1E8E9FA7}"
EndProject
Global
	GlobalSection(SolutionConfigurationPlatforms) = preSolution
		Debug|x86 = Debug|x86
		Release|x86 = Release|x86
	EndGlobalSection
	GlobalSection(ProjectConfigurationPlatforms) = postSolution
		{063FC3C4-3751-4FF4-BBF3-22AF1E8E9FA7}.Debug|x86.ActiveCfg = Debug|x86
		{063FC3C4-3751-4FF4-BBF3-22AF1E8E9FA7}.Debug|x86.Build.0 = Debug|x86
		{063FC3C4-3751-4FF4-BBF3-22AF1E8E9FA7}.Release|x86.ActiveCfg = Release|x86
		{063FC3C4-3751-4FF4-BBF3-22AF1E8E9FA7}.Release|x86.Build.0 = Release|x86
	EndGlobalSection
EndGlobal
